
Microsoft Visual Studio Solution File, Format Version 12.00
# Visual Studio 2013
VisualStudioVersion = 12.0.21005.1
MinimumVisualStudioVersion = 10.0.40219.1
Project("{FAE04EC0-301F-11D3-BF4B-00C04F79EFBC}") = "02.Extract_artists_using_DOM_parser", "02.Extract_artists_using_DOM_parser\02.Extract_artists_using_DOM_parser.csproj", "{F9D1D8DB-C2B7-4B22-A823-12E2EDCB5012}"
EndProject
Project("{FAE04EC0-301F-11D3-BF4B-00C04F79EFBC}") = "03.Extract_artists_using_XPath", "03.Extract_artists_using_XPath\03.Extract_artists_using_XPath.csproj", "{0E9BC9AD-2E14-4679-890C-967718212602}"
EndProject
Project("{FAE04EC0-301F-11D3-BF4B-00C04F79EFBC}") = "05.Extract_song_titles", "05.Extract_song_titles\05.Extract_song_titles.csproj", "{A6F2A1B8-2FDB-4967-8DEF-AD410E7583B9}"
EndProject
Project("{FAE04EC0-301F-11D3-BF4B-00C04F79EFBC}") = "06.Extract_song_titles_LINQ", "06.Extract_song_titles_LINQ\06.Extract_song_titles_LINQ.csproj", "{FC23B8DA-09C7-456D-9271-ACCA38E448D4}"
EndProject
Project("{FAE04EC0-301F-11D3-BF4B-00C04F79EFBC}") = "08.Extract_albums_xml", "08.Extract_albums_xml\08.Extract_albums_xml.csproj", "{A402B333-FEE6-4609-BFED-6A6EAC9DCF67}"
EndProject
Global
	GlobalSection(SolutionConfigurationPlatforms) = preSolution
		Debug|Any CPU = Debug|Any CPU
		Release|Any CPU = Release|Any CPU
	EndGlobalSection
	GlobalSection(ProjectConfigurationPlatforms) = postSolution
		{F9D1D8DB-C2B7-4B22-A823-12E2EDCB5012}.Debug|Any CPU.ActiveCfg = Debug|Any CPU
		{F9D1D8DB-C2B7-4B22-A823-12E2EDCB5012}.Debug|Any CPU.Build.0 = Debug|Any CPU
		{F9D1D8DB-C2B7-4B22-A823-12E2EDCB5012}.Release|Any CPU.ActiveCfg = Release|Any CPU
		{F9D1D8DB-C2B7-4B22-A823-12E2EDCB5012}.Release|Any CPU.Build.0 = Release|Any CPU
		{0E9BC9AD-2E14-4679-890C-967718212602}.Debug|Any CPU.ActiveCfg = Debug|Any CPU
		{0E9BC9AD-2E14-4679-890C-967718212602}.Debug|Any CPU.Build.0 = Debug|Any CPU
		{0E9BC9AD-2E14-4679-890C-967718212602}.Release|Any CPU.ActiveCfg = Release|Any CPU
		{0E9BC9AD-2E14-4679-890C-967718212602}.Release|Any CPU.Build.0 = Release|Any CPU
		{A6F2A1B8-2FDB-4967-8DEF-AD410E7583B9}.Debug|Any CPU.ActiveCfg = Debug|Any CPU
		{A6F2A1B8-2FDB-4967-8DEF-AD410E7583B9}.Debug|Any CPU.Build.0 = Debug|Any CPU
		{A6F2A1B8-2FDB-4967-8DEF-AD410E7583B9}.Release|Any CPU.ActiveCfg = Release|Any CPU
		{A6F2A1B8-2FDB-4967-8DEF-AD410E7583B9}.Release|Any CPU.Build.0 = Release|Any CPU
		{FC23B8DA-09C7-456D-9271-ACCA38E448D4}.Debug|Any CPU.ActiveCfg = Debug|Any CPU
		{FC23B8DA-09C7-456D-9271-ACCA38E448D4}.Debug|Any CPU.Build.0 = Debug|Any CPU
		{FC23B8DA-09C7-456D-9271-ACCA38E448D4}.Release|Any CPU.ActiveCfg = Release|Any CPU
		{FC23B8DA-09C7-456D-9271-ACCA38E448D4}.Release|Any CPU.Build.0 = Release|Any CPU
		{A402B333-FEE6-4609-BFED-6A6EAC9DCF67}.Debug|Any CPU.ActiveCfg = Debug|Any CPU
		{A402B333-FEE6-4609-BFED-6A6EAC9DCF67}.Debug|Any CPU.Build.0 = Debug|Any CPU
		{A402B333-FEE6-4609-BFED-6A6EAC9DCF67}.Release|Any CPU.ActiveCfg = Release|Any CPU
		{A402B333-FEE6-4609-BFED-6A6EAC9DCF67}.Release|Any CPU.Build.0 = Release|Any CPU
	EndGlobalSection
	GlobalSection(SolutionProperties) = preSolution
		HideSolutionNode = FALSE
	EndGlobalSection
EndGlobal
