
Microsoft Visual Studio Solution File, Format Version 12.00
# Visual Studio 2013
VisualStudioVersion = 12.0.21005.1
MinimumVisualStudioVersion = 10.0.40219.1
Project("{FAE04EC0-301F-11D3-BF4B-00C04F79EFBC}") = "01.DateTime_WCF_Service", "01.DateTime_WCF_Service\01.DateTime_WCF_Service.csproj", "{C89F3B51-202B-4144-A200-C72723BD4A8B}"
EndProject
Project("{FAE04EC0-301F-11D3-BF4B-00C04F79EFBC}") = "02.DataTime_WCF_ConsoleClient", "02.DataTime_WCF_ConsoleClient\02.DataTime_WCF_ConsoleClient.csproj", "{D4ED1A5A-10DA-4F66-8A05-CC4DA201099D}"
	ProjectSection(ProjectDependencies) = postProject
		{C89F3B51-202B-4144-A200-C72723BD4A8B} = {C89F3B51-202B-4144-A200-C72723BD4A8B}
	EndProjectSection
EndProject
Project("{FAE04EC0-301F-11D3-BF4B-00C04F79EFBC}") = "03.StringInStringService", "03.StringInStringService\03.StringInStringService.csproj", "{19321AB9-9448-4298-A7CB-00FE0EED3E1C}"
EndProject
Project("{FAE04EC0-301F-11D3-BF4B-00C04F79EFBC}") = "04.StringInStringISSHosting", "04.StringInStringISSHosting\04.StringInStringISSHosting.csproj", "{3DBA3719-07E1-42B3-B4B7-E6FB67C60B1F}"
EndProject
Project("{FAE04EC0-301F-11D3-BF4B-00C04F79EFBC}") = "05.StringInString.ConsoleClient", "05.StringInString.ConsoleClient\05.StringInString.ConsoleClient.csproj", "{C1A74042-4A47-415B-982C-83E00342E774}"
	ProjectSection(ProjectDependencies) = postProject
		{3DBA3719-07E1-42B3-B4B7-E6FB67C60B1F} = {3DBA3719-07E1-42B3-B4B7-E6FB67C60B1F}
	EndProjectSection
EndProject
Global
	GlobalSection(SolutionConfigurationPlatforms) = preSolution
		Debug|Any CPU = Debug|Any CPU
		Release|Any CPU = Release|Any CPU
	EndGlobalSection
	GlobalSection(ProjectConfigurationPlatforms) = postSolution
		{C89F3B51-202B-4144-A200-C72723BD4A8B}.Debug|Any CPU.ActiveCfg = Debug|Any CPU
		{C89F3B51-202B-4144-A200-C72723BD4A8B}.Debug|Any CPU.Build.0 = Debug|Any CPU
		{C89F3B51-202B-4144-A200-C72723BD4A8B}.Release|Any CPU.ActiveCfg = Release|Any CPU
		{C89F3B51-202B-4144-A200-C72723BD4A8B}.Release|Any CPU.Build.0 = Release|Any CPU
		{D4ED1A5A-10DA-4F66-8A05-CC4DA201099D}.Debug|Any CPU.ActiveCfg = Debug|Any CPU
		{D4ED1A5A-10DA-4F66-8A05-CC4DA201099D}.Debug|Any CPU.Build.0 = Debug|Any CPU
		{D4ED1A5A-10DA-4F66-8A05-CC4DA201099D}.Release|Any CPU.ActiveCfg = Release|Any CPU
		{D4ED1A5A-10DA-4F66-8A05-CC4DA201099D}.Release|Any CPU.Build.0 = Release|Any CPU
		{19321AB9-9448-4298-A7CB-00FE0EED3E1C}.Debug|Any CPU.ActiveCfg = Debug|Any CPU
		{19321AB9-9448-4298-A7CB-00FE0EED3E1C}.Debug|Any CPU.Build.0 = Debug|Any CPU
		{19321AB9-9448-4298-A7CB-00FE0EED3E1C}.Release|Any CPU.ActiveCfg = Release|Any CPU
		{19321AB9-9448-4298-A7CB-00FE0EED3E1C}.Release|Any CPU.Build.0 = Release|Any CPU
		{3DBA3719-07E1-42B3-B4B7-E6FB67C60B1F}.Debug|Any CPU.ActiveCfg = Debug|Any CPU
		{3DBA3719-07E1-42B3-B4B7-E6FB67C60B1F}.Debug|Any CPU.Build.0 = Debug|Any CPU
		{3DBA3719-07E1-42B3-B4B7-E6FB67C60B1F}.Release|Any CPU.ActiveCfg = Release|Any CPU
		{3DBA3719-07E1-42B3-B4B7-E6FB67C60B1F}.Release|Any CPU.Build.0 = Release|Any CPU
		{C1A74042-4A47-415B-982C-83E00342E774}.Debug|Any CPU.ActiveCfg = Debug|Any CPU
		{C1A74042-4A47-415B-982C-83E00342E774}.Debug|Any CPU.Build.0 = Debug|Any CPU
		{C1A74042-4A47-415B-982C-83E00342E774}.Release|Any CPU.ActiveCfg = Release|Any CPU
		{C1A74042-4A47-415B-982C-83E00342E774}.Release|Any CPU.Build.0 = Release|Any CPU
	EndGlobalSection
	GlobalSection(SolutionProperties) = preSolution
		HideSolutionNode = FALSE
	EndGlobalSection
EndGlobal
