
Microsoft Visual Studio Solution File, Format Version 12.00
# Visual Studio 2013
VisualStudioVersion = 12.0.21005.1
MinimumVisualStudioVersion = 10.0.40219.1
Project("{2150E333-8FDC-42A3-9474-1A3956D46DE8}") = "Creational_Patterns", "Creational_Patterns", "{0ED4C59B-4114-404D-9A0E-365273A1290F}"
EndProject
Project("{FAE04EC0-301F-11D3-BF4B-00C04F79EFBC}") = "Abstract_Factory", "Abstract_Factory\Abstract_Factory.csproj", "{7DBE5A57-BF12-4135-948F-F6CAB33F8603}"
EndProject
Project("{FAE04EC0-301F-11D3-BF4B-00C04F79EFBC}") = "Builder", "Builder\Builder.csproj", "{32546E2A-1C9D-4D04-A331-483051D758C8}"
EndProject
Project("{FAE04EC0-301F-11D3-BF4B-00C04F79EFBC}") = "Factory_Method", "Factory_Method\Factory_Method.csproj", "{2FEAEF5A-3099-4392-AADF-B82198D1A279}"
EndProject
Project("{FAE04EC0-301F-11D3-BF4B-00C04F79EFBC}") = "Prototype", "Prototype\Prototype.csproj", "{1F842B96-CB79-45B7-93BD-4607F303C9D4}"
EndProject
Project("{FAE04EC0-301F-11D3-BF4B-00C04F79EFBC}") = "Singleton", "Singleton_Pattern\Singleton.csproj", "{1B2AD597-3BF2-424E-AF79-F26D8B3B0F55}"
EndProject
Project("{2150E333-8FDC-42A3-9474-1A3956D46DE8}") = "Structural_Patterns", "Structural_Patterns", "{A5EF8BA3-6863-47DC-B1A3-09A6BEAC5321}"
EndProject
Project("{FAE04EC0-301F-11D3-BF4B-00C04F79EFBC}") = "5.Adapter", "Adapter\5.Adapter.csproj", "{04A3CA5D-2ABC-40AE-A5ED-2075E02E9F22}"
EndProject
Project("{FAE04EC0-301F-11D3-BF4B-00C04F79EFBC}") = "1.Facade", "Facade\1.Facade.csproj", "{D3FAA5A0-E139-4EF8-AFC1-4ABD80B8049F}"
EndProject
Project("{FAE04EC0-301F-11D3-BF4B-00C04F79EFBC}") = "2.Composite", "Composite\2.Composite.csproj", "{03E82342-950C-437B-B297-5B348AC0A3F7}"
EndProject
Project("{FAE04EC0-301F-11D3-BF4B-00C04F79EFBC}") = "3.Proxy", "03.Proxy\3.Proxy.csproj", "{FE920267-6887-4105-893A-12FAAFA2B3CA}"
EndProject
Project("{FAE04EC0-301F-11D3-BF4B-00C04F79EFBC}") = "4.Decorator", "4.Decorator\4.Decorator.csproj", "{831C3304-004D-49FC-90D0-8B7CB308DDEF}"
EndProject
Project("{FAE04EC0-301F-11D3-BF4B-00C04F79EFBC}") = "6.Bridge", "5.Bridge\6.Bridge.csproj", "{CC406450-A3A8-45F7-B7CA-1D09884657A6}"
EndProject
Project("{FAE04EC0-301F-11D3-BF4B-00C04F79EFBC}") = "7.Flyweight", "7.Flyweight\7.Flyweight.csproj", "{AB7AA0ED-CA84-4656-9749-03B6B944B0A2}"
EndProject
Project("{FAE04EC0-301F-11D3-BF4B-00C04F79EFBC}") = "8.Data_Class", "8.Data_Class\8.Data_Class.csproj", "{87C5A053-9415-4CD2-8CE9-046E97B15A47}"
EndProject
Project("{2150E333-8FDC-42A3-9474-1A3956D46DE8}") = "Behavioral_Patterns", "Behavioral_Patterns", "{887218B5-0983-4CAD-A3C1-9B01C0F3F80B}"
EndProject
Project("{FAE04EC0-301F-11D3-BF4B-00C04F79EFBC}") = "1.Chain_of_Responsibility", "1.Chain_of_Responsibility\1.Chain_of_Responsibility.csproj", "{9075B2DC-D659-4FF8-BB79-8847557EC8FB}"
EndProject
Project("{FAE04EC0-301F-11D3-BF4B-00C04F79EFBC}") = "2.Iterator_Pattern", "0.Iterator_Pattern\2.Iterator_Pattern.csproj", "{EDEA0D12-A73E-4042-85E3-EF45AC268229}"
EndProject
Project("{FAE04EC0-301F-11D3-BF4B-00C04F79EFBC}") = "3.Command", "2.Command\3.Command.csproj", "{1B3F7956-9786-457E-ACED-210BA978F5FC}"
EndProject
Project("{FAE04EC0-301F-11D3-BF4B-00C04F79EFBC}") = "4.Template_Method", "04.Template_Method\4.Template_Method.csproj", "{27682B5E-A162-4407-8659-494FD6E15D2C}"
EndProject
Project("{FAE04EC0-301F-11D3-BF4B-00C04F79EFBC}") = "5.Strategy", "5.Strategy\5.Strategy.csproj", "{4E492E96-ED8D-4EE5-A494-66B9AC1E5211}"
EndProject
Project("{FAE04EC0-301F-11D3-BF4B-00C04F79EFBC}") = "6.Mediator", "6.Mediator\6.Mediator.csproj", "{585B4E24-CF4A-4751-B0E4-35C9CC098688}"
EndProject
Project("{FAE04EC0-301F-11D3-BF4B-00C04F79EFBC}") = "7.Memento", "7.Memento\7.Memento.csproj", "{2BCC9C0C-8AA5-4786-9B7E-A8B16C4A4008}"
EndProject
Project("{FAE04EC0-301F-11D3-BF4B-00C04F79EFBC}") = "8.State", "8.State\8.State.csproj", "{F19F05B7-1552-42BF-8B42-D0E5A2A73775}"
EndProject
Global
	GlobalSection(SolutionConfigurationPlatforms) = preSolution
		Debug|Any CPU = Debug|Any CPU
		Release|Any CPU = Release|Any CPU
	EndGlobalSection
	GlobalSection(ProjectConfigurationPlatforms) = postSolution
		{7DBE5A57-BF12-4135-948F-F6CAB33F8603}.Debug|Any CPU.ActiveCfg = Debug|Any CPU
		{7DBE5A57-BF12-4135-948F-F6CAB33F8603}.Debug|Any CPU.Build.0 = Debug|Any CPU
		{7DBE5A57-BF12-4135-948F-F6CAB33F8603}.Release|Any CPU.ActiveCfg = Release|Any CPU
		{7DBE5A57-BF12-4135-948F-F6CAB33F8603}.Release|Any CPU.Build.0 = Release|Any CPU
		{32546E2A-1C9D-4D04-A331-483051D758C8}.Debug|Any CPU.ActiveCfg = Debug|Any CPU
		{32546E2A-1C9D-4D04-A331-483051D758C8}.Debug|Any CPU.Build.0 = Debug|Any CPU
		{32546E2A-1C9D-4D04-A331-483051D758C8}.Release|Any CPU.ActiveCfg = Release|Any CPU
		{32546E2A-1C9D-4D04-A331-483051D758C8}.Release|Any CPU.Build.0 = Release|Any CPU
		{2FEAEF5A-3099-4392-AADF-B82198D1A279}.Debug|Any CPU.ActiveCfg = Debug|Any CPU
		{2FEAEF5A-3099-4392-AADF-B82198D1A279}.Debug|Any CPU.Build.0 = Debug|Any CPU
		{2FEAEF5A-3099-4392-AADF-B82198D1A279}.Release|Any CPU.ActiveCfg = Release|Any CPU
		{2FEAEF5A-3099-4392-AADF-B82198D1A279}.Release|Any CPU.Build.0 = Release|Any CPU
		{1F842B96-CB79-45B7-93BD-4607F303C9D4}.Debug|Any CPU.ActiveCfg = Debug|Any CPU
		{1F842B96-CB79-45B7-93BD-4607F303C9D4}.Debug|Any CPU.Build.0 = Debug|Any CPU
		{1F842B96-CB79-45B7-93BD-4607F303C9D4}.Release|Any CPU.ActiveCfg = Release|Any CPU
		{1F842B96-CB79-45B7-93BD-4607F303C9D4}.Release|Any CPU.Build.0 = Release|Any CPU
		{1B2AD597-3BF2-424E-AF79-F26D8B3B0F55}.Debug|Any CPU.ActiveCfg = Debug|Any CPU
		{1B2AD597-3BF2-424E-AF79-F26D8B3B0F55}.Debug|Any CPU.Build.0 = Debug|Any CPU
		{1B2AD597-3BF2-424E-AF79-F26D8B3B0F55}.Release|Any CPU.ActiveCfg = Release|Any CPU
		{1B2AD597-3BF2-424E-AF79-F26D8B3B0F55}.Release|Any CPU.Build.0 = Release|Any CPU
		{04A3CA5D-2ABC-40AE-A5ED-2075E02E9F22}.Debug|Any CPU.ActiveCfg = Debug|Any CPU
		{04A3CA5D-2ABC-40AE-A5ED-2075E02E9F22}.Debug|Any CPU.Build.0 = Debug|Any CPU
		{04A3CA5D-2ABC-40AE-A5ED-2075E02E9F22}.Release|Any CPU.ActiveCfg = Release|Any CPU
		{04A3CA5D-2ABC-40AE-A5ED-2075E02E9F22}.Release|Any CPU.Build.0 = Release|Any CPU
		{D3FAA5A0-E139-4EF8-AFC1-4ABD80B8049F}.Debug|Any CPU.ActiveCfg = Debug|Any CPU
		{D3FAA5A0-E139-4EF8-AFC1-4ABD80B8049F}.Debug|Any CPU.Build.0 = Debug|Any CPU
		{D3FAA5A0-E139-4EF8-AFC1-4ABD80B8049F}.Release|Any CPU.ActiveCfg = Release|Any CPU
		{D3FAA5A0-E139-4EF8-AFC1-4ABD80B8049F}.Release|Any CPU.Build.0 = Release|Any CPU
		{03E82342-950C-437B-B297-5B348AC0A3F7}.Debug|Any CPU.ActiveCfg = Debug|Any CPU
		{03E82342-950C-437B-B297-5B348AC0A3F7}.Debug|Any CPU.Build.0 = Debug|Any CPU
		{03E82342-950C-437B-B297-5B348AC0A3F7}.Release|Any CPU.ActiveCfg = Release|Any CPU
		{03E82342-950C-437B-B297-5B348AC0A3F7}.Release|Any CPU.Build.0 = Release|Any CPU
		{FE920267-6887-4105-893A-12FAAFA2B3CA}.Debug|Any CPU.ActiveCfg = Debug|Any CPU
		{FE920267-6887-4105-893A-12FAAFA2B3CA}.Debug|Any CPU.Build.0 = Debug|Any CPU
		{FE920267-6887-4105-893A-12FAAFA2B3CA}.Release|Any CPU.ActiveCfg = Release|Any CPU
		{FE920267-6887-4105-893A-12FAAFA2B3CA}.Release|Any CPU.Build.0 = Release|Any CPU
		{831C3304-004D-49FC-90D0-8B7CB308DDEF}.Debug|Any CPU.ActiveCfg = Debug|Any CPU
		{831C3304-004D-49FC-90D0-8B7CB308DDEF}.Debug|Any CPU.Build.0 = Debug|Any CPU
		{831C3304-004D-49FC-90D0-8B7CB308DDEF}.Release|Any CPU.ActiveCfg = Release|Any CPU
		{831C3304-004D-49FC-90D0-8B7CB308DDEF}.Release|Any CPU.Build.0 = Release|Any CPU
		{CC406450-A3A8-45F7-B7CA-1D09884657A6}.Debug|Any CPU.ActiveCfg = Debug|Any CPU
		{CC406450-A3A8-45F7-B7CA-1D09884657A6}.Debug|Any CPU.Build.0 = Debug|Any CPU
		{CC406450-A3A8-45F7-B7CA-1D09884657A6}.Release|Any CPU.ActiveCfg = Release|Any CPU
		{CC406450-A3A8-45F7-B7CA-1D09884657A6}.Release|Any CPU.Build.0 = Release|Any CPU
		{AB7AA0ED-CA84-4656-9749-03B6B944B0A2}.Debug|Any CPU.ActiveCfg = Debug|Any CPU
		{AB7AA0ED-CA84-4656-9749-03B6B944B0A2}.Debug|Any CPU.Build.0 = Debug|Any CPU
		{AB7AA0ED-CA84-4656-9749-03B6B944B0A2}.Release|Any CPU.ActiveCfg = Release|Any CPU
		{AB7AA0ED-CA84-4656-9749-03B6B944B0A2}.Release|Any CPU.Build.0 = Release|Any CPU
		{87C5A053-9415-4CD2-8CE9-046E97B15A47}.Debug|Any CPU.ActiveCfg = Debug|Any CPU
		{87C5A053-9415-4CD2-8CE9-046E97B15A47}.Debug|Any CPU.Build.0 = Debug|Any CPU
		{87C5A053-9415-4CD2-8CE9-046E97B15A47}.Release|Any CPU.ActiveCfg = Release|Any CPU
		{87C5A053-9415-4CD2-8CE9-046E97B15A47}.Release|Any CPU.Build.0 = Release|Any CPU
		{9075B2DC-D659-4FF8-BB79-8847557EC8FB}.Debug|Any CPU.ActiveCfg = Debug|Any CPU
		{9075B2DC-D659-4FF8-BB79-8847557EC8FB}.Debug|Any CPU.Build.0 = Debug|Any CPU
		{9075B2DC-D659-4FF8-BB79-8847557EC8FB}.Release|Any CPU.ActiveCfg = Release|Any CPU
		{9075B2DC-D659-4FF8-BB79-8847557EC8FB}.Release|Any CPU.Build.0 = Release|Any CPU
		{EDEA0D12-A73E-4042-85E3-EF45AC268229}.Debug|Any CPU.ActiveCfg = Debug|Any CPU
		{EDEA0D12-A73E-4042-85E3-EF45AC268229}.Debug|Any CPU.Build.0 = Debug|Any CPU
		{EDEA0D12-A73E-4042-85E3-EF45AC268229}.Release|Any CPU.ActiveCfg = Release|Any CPU
		{EDEA0D12-A73E-4042-85E3-EF45AC268229}.Release|Any CPU.Build.0 = Release|Any CPU
		{1B3F7956-9786-457E-ACED-210BA978F5FC}.Debug|Any CPU.ActiveCfg = Debug|Any CPU
		{1B3F7956-9786-457E-ACED-210BA978F5FC}.Debug|Any CPU.Build.0 = Debug|Any CPU
		{1B3F7956-9786-457E-ACED-210BA978F5FC}.Release|Any CPU.ActiveCfg = Release|Any CPU
		{1B3F7956-9786-457E-ACED-210BA978F5FC}.Release|Any CPU.Build.0 = Release|Any CPU
		{27682B5E-A162-4407-8659-494FD6E15D2C}.Debug|Any CPU.ActiveCfg = Debug|Any CPU
		{27682B5E-A162-4407-8659-494FD6E15D2C}.Debug|Any CPU.Build.0 = Debug|Any CPU
		{27682B5E-A162-4407-8659-494FD6E15D2C}.Release|Any CPU.ActiveCfg = Release|Any CPU
		{27682B5E-A162-4407-8659-494FD6E15D2C}.Release|Any CPU.Build.0 = Release|Any CPU
		{4E492E96-ED8D-4EE5-A494-66B9AC1E5211}.Debug|Any CPU.ActiveCfg = Debug|Any CPU
		{4E492E96-ED8D-4EE5-A494-66B9AC1E5211}.Debug|Any CPU.Build.0 = Debug|Any CPU
		{4E492E96-ED8D-4EE5-A494-66B9AC1E5211}.Release|Any CPU.ActiveCfg = Release|Any CPU
		{4E492E96-ED8D-4EE5-A494-66B9AC1E5211}.Release|Any CPU.Build.0 = Release|Any CPU
		{585B4E24-CF4A-4751-B0E4-35C9CC098688}.Debug|Any CPU.ActiveCfg = Debug|Any CPU
		{585B4E24-CF4A-4751-B0E4-35C9CC098688}.Debug|Any CPU.Build.0 = Debug|Any CPU
		{585B4E24-CF4A-4751-B0E4-35C9CC098688}.Release|Any CPU.ActiveCfg = Release|Any CPU
		{585B4E24-CF4A-4751-B0E4-35C9CC098688}.Release|Any CPU.Build.0 = Release|Any CPU
		{2BCC9C0C-8AA5-4786-9B7E-A8B16C4A4008}.Debug|Any CPU.ActiveCfg = Debug|Any CPU
		{2BCC9C0C-8AA5-4786-9B7E-A8B16C4A4008}.Debug|Any CPU.Build.0 = Debug|Any CPU
		{2BCC9C0C-8AA5-4786-9B7E-A8B16C4A4008}.Release|Any CPU.ActiveCfg = Release|Any CPU
		{2BCC9C0C-8AA5-4786-9B7E-A8B16C4A4008}.Release|Any CPU.Build.0 = Release|Any CPU
		{F19F05B7-1552-42BF-8B42-D0E5A2A73775}.Debug|Any CPU.ActiveCfg = Debug|Any CPU
		{F19F05B7-1552-42BF-8B42-D0E5A2A73775}.Debug|Any CPU.Build.0 = Debug|Any CPU
		{F19F05B7-1552-42BF-8B42-D0E5A2A73775}.Release|Any CPU.ActiveCfg = Release|Any CPU
		{F19F05B7-1552-42BF-8B42-D0E5A2A73775}.Release|Any CPU.Build.0 = Release|Any CPU
	EndGlobalSection
	GlobalSection(SolutionProperties) = preSolution
		HideSolutionNode = FALSE
	EndGlobalSection
	GlobalSection(NestedProjects) = preSolution
		{7DBE5A57-BF12-4135-948F-F6CAB33F8603} = {0ED4C59B-4114-404D-9A0E-365273A1290F}
		{32546E2A-1C9D-4D04-A331-483051D758C8} = {0ED4C59B-4114-404D-9A0E-365273A1290F}
		{2FEAEF5A-3099-4392-AADF-B82198D1A279} = {0ED4C59B-4114-404D-9A0E-365273A1290F}
		{1F842B96-CB79-45B7-93BD-4607F303C9D4} = {0ED4C59B-4114-404D-9A0E-365273A1290F}
		{1B2AD597-3BF2-424E-AF79-F26D8B3B0F55} = {0ED4C59B-4114-404D-9A0E-365273A1290F}
		{04A3CA5D-2ABC-40AE-A5ED-2075E02E9F22} = {A5EF8BA3-6863-47DC-B1A3-09A6BEAC5321}
		{D3FAA5A0-E139-4EF8-AFC1-4ABD80B8049F} = {A5EF8BA3-6863-47DC-B1A3-09A6BEAC5321}
		{03E82342-950C-437B-B297-5B348AC0A3F7} = {A5EF8BA3-6863-47DC-B1A3-09A6BEAC5321}
		{FE920267-6887-4105-893A-12FAAFA2B3CA} = {A5EF8BA3-6863-47DC-B1A3-09A6BEAC5321}
		{831C3304-004D-49FC-90D0-8B7CB308DDEF} = {A5EF8BA3-6863-47DC-B1A3-09A6BEAC5321}
		{CC406450-A3A8-45F7-B7CA-1D09884657A6} = {A5EF8BA3-6863-47DC-B1A3-09A6BEAC5321}
		{AB7AA0ED-CA84-4656-9749-03B6B944B0A2} = {A5EF8BA3-6863-47DC-B1A3-09A6BEAC5321}
		{87C5A053-9415-4CD2-8CE9-046E97B15A47} = {A5EF8BA3-6863-47DC-B1A3-09A6BEAC5321}
		{9075B2DC-D659-4FF8-BB79-8847557EC8FB} = {887218B5-0983-4CAD-A3C1-9B01C0F3F80B}
		{EDEA0D12-A73E-4042-85E3-EF45AC268229} = {887218B5-0983-4CAD-A3C1-9B01C0F3F80B}
		{1B3F7956-9786-457E-ACED-210BA978F5FC} = {887218B5-0983-4CAD-A3C1-9B01C0F3F80B}
		{27682B5E-A162-4407-8659-494FD6E15D2C} = {887218B5-0983-4CAD-A3C1-9B01C0F3F80B}
		{4E492E96-ED8D-4EE5-A494-66B9AC1E5211} = {887218B5-0983-4CAD-A3C1-9B01C0F3F80B}
		{585B4E24-CF4A-4751-B0E4-35C9CC098688} = {887218B5-0983-4CAD-A3C1-9B01C0F3F80B}
		{2BCC9C0C-8AA5-4786-9B7E-A8B16C4A4008} = {887218B5-0983-4CAD-A3C1-9B01C0F3F80B}
		{F19F05B7-1552-42BF-8B42-D0E5A2A73775} = {887218B5-0983-4CAD-A3C1-9B01C0F3F80B}
	EndGlobalSection
EndGlobal
