
Microsoft Visual Studio Solution File, Format Version 12.00
# Visual Studio 2013
VisualStudioVersion = 12.0.21005.1
MinimumVisualStudioVersion = 10.0.40219.1
Project("{FAE04EC0-301F-11D3-BF4B-00C04F79EFBC}") = "02.Undescore.js_HW", "02.Undescore.js_HW\02.Undescore.js_HW.csproj", "{0E2A4C28-D2D0-4314-9B67-0416CDA453A5}"
EndProject
Project("{FAE04EC0-301F-11D3-BF4B-00C04F79EFBC}") = "12.ThirdPartyAPIs", "12.ThirdPartyAPIs\12.ThirdPartyAPIs.csproj", "{6A1EAD4A-26C2-4CEE-BEFC-7608BD6CF531}"
EndProject
Global
	GlobalSection(SolutionConfigurationPlatforms) = preSolution
		Debug|Any CPU = Debug|Any CPU
		Release|Any CPU = Release|Any CPU
	EndGlobalSection
	GlobalSection(ProjectConfigurationPlatforms) = postSolution
		{0E2A4C28-D2D0-4314-9B67-0416CDA453A5}.Debug|Any CPU.ActiveCfg = Debug|Any CPU
		{0E2A4C28-D2D0-4314-9B67-0416CDA453A5}.Debug|Any CPU.Build.0 = Debug|Any CPU
		{0E2A4C28-D2D0-4314-9B67-0416CDA453A5}.Release|Any CPU.ActiveCfg = Release|Any CPU
		{0E2A4C28-D2D0-4314-9B67-0416CDA453A5}.Release|Any CPU.Build.0 = Release|Any CPU
		{6A1EAD4A-26C2-4CEE-BEFC-7608BD6CF531}.Debug|Any CPU.ActiveCfg = Debug|Any CPU
		{6A1EAD4A-26C2-4CEE-BEFC-7608BD6CF531}.Debug|Any CPU.Build.0 = Debug|Any CPU
		{6A1EAD4A-26C2-4CEE-BEFC-7608BD6CF531}.Release|Any CPU.ActiveCfg = Release|Any CPU
		{6A1EAD4A-26C2-4CEE-BEFC-7608BD6CF531}.Release|Any CPU.Build.0 = Release|Any CPU
	EndGlobalSection
	GlobalSection(SolutionProperties) = preSolution
		HideSolutionNode = FALSE
	EndGlobalSection
EndGlobal
